
Microsoft Visual Studio Solution File, Format Version 12.00
# Visual Studio Version 16
VisualStudioVersion = 16.0.29613.14
MinimumVisualStudioVersion = 10.0.40219.1
Project("{FAE04EC0-301F-11D3-BF4B-00C04F79EFBC}") = "MVCBootstrapJQueryTutorial_NETFramework", "MVCBootstrapJQueryTutorial_NETFramework\MVCBootstrapJQueryTutorial_NETFramework.csproj", "{C7115A1A-5312-4A66-8B6D-67425BE93FAE}"
EndProject
Global
	GlobalSection(SolutionConfigurationPlatforms) = preSolution
		Debug|Any CPU = Debug|Any CPU
		Release|Any CPU = Release|Any CPU
	EndGlobalSection
	GlobalSection(ProjectConfigurationPlatforms) = postSolution
		{C7115A1A-5312-4A66-8B6D-67425BE93FAE}.Debug|Any CPU.ActiveCfg = Debug|Any CPU
		{C7115A1A-5312-4A66-8B6D-67425BE93FAE}.Debug|Any CPU.Build.0 = Debug|Any CPU
		{C7115A1A-5312-4A66-8B6D-67425BE93FAE}.Release|Any CPU.ActiveCfg = Release|Any CPU
		{C7115A1A-5312-4A66-8B6D-67425BE93FAE}.Release|Any CPU.Build.0 = Release|Any CPU
	EndGlobalSection
	GlobalSection(SolutionProperties) = preSolution
		HideSolutionNode = FALSE
	EndGlobalSection
	GlobalSection(ExtensibilityGlobals) = postSolution
		SolutionGuid = {EB46FB5A-FE7B-49EC-9285-C520D884C7F5}
	EndGlobalSection
EndGlobal
